{
  "name": "ext",
  "lockfileVersion": 2,
  "requires": true,
  "packages": {
    "": {
      "dependencies": {
        "@spectrum-css/button": "^11.0.12",
        "@spectrum-css/fieldlabel": "^7.1.1",
        "@spectrum-css/page": "^6.0.4",
        "@spectrum-css/tabs": "^4.0.21",
        "@spectrum-css/textfield": "^6.0.24",
        "@spectrum-css/tokens": "^11.4.0",
        "@spectrum-css/typography": "^5.0.44",
        "@spectrum-css/vars": "^9.0.8"
      }
    },
    "node_modules/@spectrum-css/alertdialog": {
      "version": "1.0.10",
      "resolved": "https://registry.npmjs.org/@spectrum-css/alertdialog/-/alertdialog-1.0.10.tgz",
      "integrity": "sha512-6vJwTwNd07MBL+oYpyawroZ2DBmeMhIVp+R9Z7UdviYFDpvAXvmTodiV7vihKpEmwyUOqCAW0mcZk3aMiTPhuw==",
      "peer": true,
      "peerDependencies": {
        "@spectrum-css/button": ">=10",
        "@spectrum-css/buttongroup": ">=6",
        "@spectrum-css/divider": ">=1 <=2",
        "@spectrum-css/icon": ">=3",
        "@spectrum-css/modal": ">=3",
        "@spectrum-css/tokens": ">=11",
        "@spectrum-css/underlay": ">=2"
      }
    },
    "node_modules/@spectrum-css/button": {
      "version": "11.0.12",
      "resolved": "https://registry.npmjs.org/@spectrum-css/button/-/button-11.0.12.tgz",
      "integrity": "sha512-zP3ZomO5xN6j9TKTWWZnzzgtWRD6h63VzruDigJ6HniYvItfLY5lqM77MG3BEdrOtenhJINg246MWGu55n/Ckw==",
      "peerDependencies": {
        "@spectrum-css/tokens": ">=10"
      }
    },
    "node_modules/@spectrum-css/buttongroup": {
      "version": "6.1.10",
      "resolved": "https://registry.npmjs.org/@spectrum-css/buttongroup/-/buttongroup-6.1.10.tgz",
      "integrity": "sha512-hCMNBYfFgKVHY2Eqnj+ZI4BDrjwqhFs9Y8ZzKz54iVIoDda8MRUEzW2NF7P5TtsOiPO46+xVYiRKhrnIJOaEJA==",
      "peer": true,
      "peerDependencies": {
        "@spectrum-css/button": ">=10",
        "@spectrum-css/tokens": ">=10"
      }
    },
    "node_modules/@spectrum-css/checkbox": {
      "version": "7.0.15",
      "resolved": "https://registry.npmjs.org/@spectrum-css/checkbox/-/checkbox-7.0.15.tgz",
      "integrity": "sha512-Q5SYlcgErKffEqe3Y8SEdsg2A0nbQKwqWoERtj7Virz0S7nNCcSKsox3KX44UnhzYtZkuxFchxcBo61z/TDUwg==",
      "peer": true,
      "peerDependencies": {
        "@spectrum-css/icon": ">=3",
        "@spectrum-css/tokens": ">=10.0.0"
      }
    },
    "node_modules/@spectrum-css/closebutton": {
      "version": "4.0.11",
      "resolved": "https://registry.npmjs.org/@spectrum-css/closebutton/-/closebutton-4.0.11.tgz",
      "integrity": "sha512-17Mkzl2ZH6TKXGUgAleF7BC3Fi1oROeAcsR4aZ0JHoI583CnMACH0gaCk1qcjpDsWeaII9S86C8nJUb85OGNbQ==",
      "peer": true,
      "peerDependencies": {
        "@spectrum-css/tokens": ">=10"
      }
    },
    "node_modules/@spectrum-css/dialog": {
      "version": "8.0.8",
      "resolved": "https://registry.npmjs.org/@spectrum-css/dialog/-/dialog-8.0.8.tgz",
      "integrity": "sha512-kaL8rp1or9NsGHvySpcsZSlClggk5miHPrS1TKhmB2pkY4KT5zVnKzvTgqmejZSPhXvPoO7pqiVd6951I4aafg==",
      "peer": true,
      "peerDependencies": {
        "@spectrum-css/button": ">=10",
        "@spectrum-css/buttongroup": ">=5 <=6",
        "@spectrum-css/closebutton": ">=4",
        "@spectrum-css/divider": ">=1 <=2",
        "@spectrum-css/icon": ">=3",
        "@spectrum-css/modal": ">=3",
        "@spectrum-css/underlay": ">=2",
        "@spectrum-css/vars": ">=9"
      }
    },
    "node_modules/@spectrum-css/divider": {
      "version": "2.1.29",
      "resolved": "https://registry.npmjs.org/@spectrum-css/divider/-/divider-2.1.29.tgz",
      "integrity": "sha512-fql/QNtg+LzMtOL0J7+temmwl6ZMEt3/qDIrfuVAU0QeO9eU7K7WkZwiiaCuMHlYU5dSJIb2C5JtnXuIW1ZJHA==",
      "peer": true,
      "peerDependencies": {
        "@spectrum-css/tokens": ">=10"
      }
    },
    "node_modules/@spectrum-css/fieldlabel": {
      "version": "7.1.1",
      "resolved": "https://registry.npmjs.org/@spectrum-css/fieldlabel/-/fieldlabel-7.1.1.tgz",
      "integrity": "sha512-tvzUPnc50ZHClnyRcFVHPy9BYuIHKu+DZLuwtNMnzj5ow0VsUr8Pd+kabuPDP6D4mlKaI/NwCRAgXmdpsNyc3g==",
      "peerDependencies": {
        "@spectrum-css/icon": ">=3",
        "@spectrum-css/tokens": ">=10"
      }
    },
    "node_modules/@spectrum-css/icon": {
      "version": "4.0.3",
      "resolved": "https://registry.npmjs.org/@spectrum-css/icon/-/icon-4.0.3.tgz",
      "integrity": "sha512-SV1UQJtmBg1JJ4zzgcFqqpFZZzVvJhNNJvM34PUWdHnj4YjUKGIxSCaqdEFl0LguNcgjSM3Be2P5ZNVkjwcMUA==",
      "peer": true,
      "peerDependencies": {
        "@spectrum-css/vars": ">=9"
      }
    },
    "node_modules/@spectrum-css/menu": {
      "version": "5.1.1",
      "resolved": "https://registry.npmjs.org/@spectrum-css/menu/-/menu-5.1.1.tgz",
      "integrity": "sha512-WCvx0ic0AvOiMDd/5mxkv/0IuWATKzXsydlgmF3f5/DqvYsvzE4wpylCH32cbdou1ZGVVslF+t7BzD3C1PpWHg==",
      "peer": true,
      "peerDependencies": {
        "@spectrum-css/checkbox": ">=7",
        "@spectrum-css/divider": ">=2",
        "@spectrum-css/icon": ">=3",
        "@spectrum-css/switch": ">=4",
        "@spectrum-css/tokens": ">=11.1.0"
      }
    },
    "node_modules/@spectrum-css/modal": {
      "version": "3.1.0",
      "resolved": "https://registry.npmjs.org/@spectrum-css/modal/-/modal-3.1.0.tgz",
      "integrity": "sha512-2lsmxff1vbO8Az/VLhLZxP7ZtkCHj6ukb8bUVvMIWfmXk/YLebC+FWQM3PZsdFGSAlbarUhPjR3I0c9N/4wfvA==",
      "peer": true,
      "peerDependencies": {
        "@spectrum-css/vars": ">=9"
      }
    },
    "node_modules/@spectrum-css/page": {
      "version": "6.0.4",
      "resolved": "https://registry.npmjs.org/@spectrum-css/page/-/page-6.0.4.tgz",
      "integrity": "sha512-WuBzbac1hrM1Ea0Y2qwDSKS3BXLbUGlygKSsAxH1ngEnFyR5IcNCK65IoXFKPKS8ZpUUHy/yZJ+FpZfvHysXew==",
      "dependencies": {
        "@spectrum-css/tokens": "^11.4.0"
      }
    },
    "node_modules/@spectrum-css/picker": {
      "version": "7.0.12",
      "resolved": "https://registry.npmjs.org/@spectrum-css/picker/-/picker-7.0.12.tgz",
      "integrity": "sha512-W7u7as2ucnmryRSePMREs9UzoJahZ9q0QnYt44mtMpsZPtpvjKbWlNYdLj6CN0JYbzQItrnLAwZRFv8WRacl7A==",
      "peer": true,
      "peerDependencies": {
        "@spectrum-css/icon": ">=3",
        "@spectrum-css/menu": ">=5",
        "@spectrum-css/popover": ">=5 <=6",
        "@spectrum-css/tokens": ">=11"
      }
    },
    "node_modules/@spectrum-css/popover": {
      "version": "6.0.78",
      "resolved": "https://registry.npmjs.org/@spectrum-css/popover/-/popover-6.0.78.tgz",
      "integrity": "sha512-uvf4zIT202J2YxTUoCrfeXVlVh8g5Yxz9NOcJ9YIzbdpAyd57/2E1j6sUKWr0tz2CSc+e+jNcOay5ojeR8xOCw==",
      "peer": true,
      "peerDependencies": {
        "@spectrum-css/alertdialog": ">=1",
        "@spectrum-css/dialog": ">=6",
        "@spectrum-css/tokens": ">=11"
      }
    },
    "node_modules/@spectrum-css/switch": {
      "version": "4.0.11",
      "resolved": "https://registry.npmjs.org/@spectrum-css/switch/-/switch-4.0.11.tgz",
      "integrity": "sha512-bjL9URymEpaJBUFfDxNkEDyQdGKoQjPvBFb5pgDozXhAtviEXkqU1WCVuZx2gfp6/931WYqYzlYoko/OHnpI6A==",
      "peer": true,
      "peerDependencies": {
        "@spectrum-css/tokens": ">=10"
      }
    },
    "node_modules/@spectrum-css/tabs": {
      "version": "4.0.21",
      "resolved": "https://registry.npmjs.org/@spectrum-css/tabs/-/tabs-4.0.21.tgz",
      "integrity": "sha512-596fIR+g/w0TkBZkJNrb1pRXSwfthND2ZAgXG1cPQLKNPnkz0l694sNjKw2qu7wsx9+egUEeAU+DWTmZ6XJz0Q==",
      "peerDependencies": {
        "@spectrum-css/menu": ">=5",
        "@spectrum-css/picker": ">=6",
        "@spectrum-css/tokens": ">=11"
      }
    },
    "node_modules/@spectrum-css/textfield": {
      "version": "6.0.24",
      "resolved": "https://registry.npmjs.org/@spectrum-css/textfield/-/textfield-6.0.24.tgz",
      "integrity": "sha512-FlOm9+K5RbdubXFWkmeqGW3YZagAvFo76Y0zHcVIeApBs0XAJX1zlT0Zpo+3AJnA33ajvL4Cq7a+H11m8dIPJQ==",
      "peerDependencies": {
        "@spectrum-css/tokens": ">=10.0.0"
      }
    },
    "node_modules/@spectrum-css/tokens": {
      "version": "11.4.0",
      "resolved": "https://registry.npmjs.org/@spectrum-css/tokens/-/tokens-11.4.0.tgz",
      "integrity": "sha512-emJOFG/rYO+bE4X+6/CBZApGgdQ8fAp8fQpd1NwF5dW0kwOYGib2XjaQXsVvuXNb64eo/2sjyD8JrB5LCOnVKw=="
    },
    "node_modules/@spectrum-css/typography": {
      "version": "5.0.44",
      "resolved": "https://registry.npmjs.org/@spectrum-css/typography/-/typography-5.0.44.tgz",
      "integrity": "sha512-2vZwF0Hj9XUPomb0hhG8T6+qjUG3/dPkqYX9j3RA8D/zgwqDATqnkU0v7weRGTq8KWrGN9C1GK7a7V+GRjkM8w==",
      "peerDependencies": {
        "@spectrum-css/tokens": ">=9"
      }
    },
    "node_modules/@spectrum-css/underlay": {
      "version": "3.0.7",
      "resolved": "https://registry.npmjs.org/@spectrum-css/underlay/-/underlay-3.0.7.tgz",
      "integrity": "sha512-BiO+569Ct4Bmzgy0KZ2F65ER17TXjJbvKzNG1irkDkH15LnnQ2G0i0SXlDRIo3uMMZagzvmy/6jm/v+u9L4vhA==",
      "peer": true,
      "peerDependencies": {
        "@spectrum-css/tokens": ">=11"
      }
    },
    "node_modules/@spectrum-css/vars": {
      "version": "9.0.8",
      "resolved": "https://registry.npmjs.org/@spectrum-css/vars/-/vars-9.0.8.tgz",
      "integrity": "sha512-rGfd7jqXOdR69bEjrRP58ynuIeJU0czPfwQvzhtCzg7jKVukV+efNHqrs086sC6xutB3W4TF71K/dZMr3oyTyg=="
    }
  },
  "dependencies": {
    "@spectrum-css/alertdialog": {
      "version": "1.0.10",
      "resolved": "https://registry.npmjs.org/@spectrum-css/alertdialog/-/alertdialog-1.0.10.tgz",
      "integrity": "sha512-6vJwTwNd07MBL+oYpyawroZ2DBmeMhIVp+R9Z7UdviYFDpvAXvmTodiV7vihKpEmwyUOqCAW0mcZk3aMiTPhuw==",
      "peer": true,
      "requires": {}
    },
    "@spectrum-css/button": {
      "version": "11.0.12",
      "resolved": "https://registry.npmjs.org/@spectrum-css/button/-/button-11.0.12.tgz",
      "integrity": "sha512-zP3ZomO5xN6j9TKTWWZnzzgtWRD6h63VzruDigJ6HniYvItfLY5lqM77MG3BEdrOtenhJINg246MWGu55n/Ckw==",
      "requires": {}
    },
    "@spectrum-css/buttongroup": {
      "version": "6.1.10",
      "resolved": "https://registry.npmjs.org/@spectrum-css/buttongroup/-/buttongroup-6.1.10.tgz",
      "integrity": "sha512-hCMNBYfFgKVHY2Eqnj+ZI4BDrjwqhFs9Y8ZzKz54iVIoDda8MRUEzW2NF7P5TtsOiPO46+xVYiRKhrnIJOaEJA==",
      "peer": true,
      "requires": {}
    },
    "@spectrum-css/checkbox": {
      "version": "7.0.15",
      "resolved": "https://registry.npmjs.org/@spectrum-css/checkbox/-/checkbox-7.0.15.tgz",
      "integrity": "sha512-Q5SYlcgErKffEqe3Y8SEdsg2A0nbQKwqWoERtj7Virz0S7nNCcSKsox3KX44UnhzYtZkuxFchxcBo61z/TDUwg==",
      "peer": true,
      "requires": {}
    },
    "@spectrum-css/closebutton": {
      "version": "4.0.11",
      "resolved": "https://registry.npmjs.org/@spectrum-css/closebutton/-/closebutton-4.0.11.tgz",
      "integrity": "sha512-17Mkzl2ZH6TKXGUgAleF7BC3Fi1oROeAcsR4aZ0JHoI583CnMACH0gaCk1qcjpDsWeaII9S86C8nJUb85OGNbQ==",
      "peer": true,
      "requires": {}
    },
    "@spectrum-css/dialog": {
      "version": "8.0.8",
      "resolved": "https://registry.npmjs.org/@spectrum-css/dialog/-/dialog-8.0.8.tgz",
      "integrity": "sha512-kaL8rp1or9NsGHvySpcsZSlClggk5miHPrS1TKhmB2pkY4KT5zVnKzvTgqmejZSPhXvPoO7pqiVd6951I4aafg==",
      "peer": true,
      "requires": {}
    },
    "@spectrum-css/divider": {
      "version": "2.1.29",
      "resolved": "https://registry.npmjs.org/@spectrum-css/divider/-/divider-2.1.29.tgz",
      "integrity": "sha512-fql/QNtg+LzMtOL0J7+temmwl6ZMEt3/qDIrfuVAU0QeO9eU7K7WkZwiiaCuMHlYU5dSJIb2C5JtnXuIW1ZJHA==",
      "peer": true,
      "requires": {}
    },
    "@spectrum-css/fieldlabel": {
      "version": "7.1.1",
      "resolved": "https://registry.npmjs.org/@spectrum-css/fieldlabel/-/fieldlabel-7.1.1.tgz",
      "integrity": "sha512-tvzUPnc50ZHClnyRcFVHPy9BYuIHKu+DZLuwtNMnzj5ow0VsUr8Pd+kabuPDP6D4mlKaI/NwCRAgXmdpsNyc3g==",
      "requires": {}
    },
    "@spectrum-css/icon": {
      "version": "4.0.3",
      "resolved": "https://registry.npmjs.org/@spectrum-css/icon/-/icon-4.0.3.tgz",
      "integrity": "sha512-SV1UQJtmBg1JJ4zzgcFqqpFZZzVvJhNNJvM34PUWdHnj4YjUKGIxSCaqdEFl0LguNcgjSM3Be2P5ZNVkjwcMUA==",
      "peer": true,
      "requires": {}
    },
    "@spectrum-css/menu": {
      "version": "5.1.1",
      "resolved": "https://registry.npmjs.org/@spectrum-css/menu/-/menu-5.1.1.tgz",
      "integrity": "sha512-WCvx0ic0AvOiMDd/5mxkv/0IuWATKzXsydlgmF3f5/DqvYsvzE4wpylCH32cbdou1ZGVVslF+t7BzD3C1PpWHg==",
      "peer": true,
      "requires": {}
    },
    "@spectrum-css/modal": {
      "version": "3.1.0",
      "resolved": "https://registry.npmjs.org/@spectrum-css/modal/-/modal-3.1.0.tgz",
      "integrity": "sha512-2lsmxff1vbO8Az/VLhLZxP7ZtkCHj6ukb8bUVvMIWfmXk/YLebC+FWQM3PZsdFGSAlbarUhPjR3I0c9N/4wfvA==",
      "peer": true,
      "requires": {}
    },
    "@spectrum-css/page": {
      "version": "6.0.4",
      "resolved": "https://registry.npmjs.org/@spectrum-css/page/-/page-6.0.4.tgz",
      "integrity": "sha512-WuBzbac1hrM1Ea0Y2qwDSKS3BXLbUGlygKSsAxH1ngEnFyR5IcNCK65IoXFKPKS8ZpUUHy/yZJ+FpZfvHysXew==",
      "requires": {
        "@spectrum-css/tokens": "^11.4.0"
      }
    },
    "@spectrum-css/picker": {
      "version": "7.0.12",
      "resolved": "https://registry.npmjs.org/@spectrum-css/picker/-/picker-7.0.12.tgz",
      "integrity": "sha512-W7u7as2ucnmryRSePMREs9UzoJahZ9q0QnYt44mtMpsZPtpvjKbWlNYdLj6CN0JYbzQItrnLAwZRFv8WRacl7A==",
      "peer": true,
      "requires": {}
    },
    "@spectrum-css/popover": {
      "version": "6.0.78",
      "resolved": "https://registry.npmjs.org/@spectrum-css/popover/-/popover-6.0.78.tgz",
      "integrity": "sha512-uvf4zIT202J2YxTUoCrfeXVlVh8g5Yxz9NOcJ9YIzbdpAyd57/2E1j6sUKWr0tz2CSc+e+jNcOay5ojeR8xOCw==",
      "peer": true,
      "requires": {}
    },
    "@spectrum-css/switch": {
      "version": "4.0.11",
      "resolved": "https://registry.npmjs.org/@spectrum-css/switch/-/switch-4.0.11.tgz",
      "integrity": "sha512-bjL9URymEpaJBUFfDxNkEDyQdGKoQjPvBFb5pgDozXhAtviEXkqU1WCVuZx2gfp6/931WYqYzlYoko/OHnpI6A==",
      "peer": true,
      "requires": {}
    },
    "@spectrum-css/tabs": {
      "version": "4.0.21",
      "resolved": "https://registry.npmjs.org/@spectrum-css/tabs/-/tabs-4.0.21.tgz",
      "integrity": "sha512-596fIR+g/w0TkBZkJNrb1pRXSwfthND2ZAgXG1cPQLKNPnkz0l694sNjKw2qu7wsx9+egUEeAU+DWTmZ6XJz0Q==",
      "requires": {}
    },
    "@spectrum-css/textfield": {
      "version": "6.0.24",
      "resolved": "https://registry.npmjs.org/@spectrum-css/textfield/-/textfield-6.0.24.tgz",
      "integrity": "sha512-FlOm9+K5RbdubXFWkmeqGW3YZagAvFo76Y0zHcVIeApBs0XAJX1zlT0Zpo+3AJnA33ajvL4Cq7a+H11m8dIPJQ==",
      "requires": {}
    },
    "@spectrum-css/tokens": {
      "version": "11.4.0",
      "resolved": "https://registry.npmjs.org/@spectrum-css/tokens/-/tokens-11.4.0.tgz",
      "integrity": "sha512-emJOFG/rYO+bE4X+6/CBZApGgdQ8fAp8fQpd1NwF5dW0kwOYGib2XjaQXsVvuXNb64eo/2sjyD8JrB5LCOnVKw=="
    },
    "@spectrum-css/typography": {
      "version": "5.0.44",
      "resolved": "https://registry.npmjs.org/@spectrum-css/typography/-/typography-5.0.44.tgz",
      "integrity": "sha512-2vZwF0Hj9XUPomb0hhG8T6+qjUG3/dPkqYX9j3RA8D/zgwqDATqnkU0v7weRGTq8KWrGN9C1GK7a7V+GRjkM8w==",
      "requires": {}
    },
    "@spectrum-css/underlay": {
      "version": "3.0.7",
      "resolved": "https://registry.npmjs.org/@spectrum-css/underlay/-/underlay-3.0.7.tgz",
      "integrity": "sha512-BiO+569Ct4Bmzgy0KZ2F65ER17TXjJbvKzNG1irkDkH15LnnQ2G0i0SXlDRIo3uMMZagzvmy/6jm/v+u9L4vhA==",
      "peer": true,
      "requires": {}
    },
    "@spectrum-css/vars": {
      "version": "9.0.8",
      "resolved": "https://registry.npmjs.org/@spectrum-css/vars/-/vars-9.0.8.tgz",
      "integrity": "sha512-rGfd7jqXOdR69bEjrRP58ynuIeJU0czPfwQvzhtCzg7jKVukV+efNHqrs086sC6xutB3W4TF71K/dZMr3oyTyg=="
    }
  }
}
